
Microsoft Visual Studio Solution File, Format Version 12.00
# Visual Studio Version 16
VisualStudioVersion = 16.0.31729.503
MinimumVisualStudioVersion = 10.0.40219.1
Project("{FAE04EC0-301F-11D3-BF4B-00C04F79EFBC}") = "Book", "CShap\Book.csproj", "{BD90E971-9DFB-41C8-AC8C-94E2496F64A5}"
EndProject
Project("{FAE04EC0-301F-11D3-BF4B-00C04F79EFBC}") = "Generic", "Generic\Generic.csproj", "{1ADD1593-968F-4F8C-9699-EEAA65D507BB}"
EndProject
Project("{FAE04EC0-301F-11D3-BF4B-00C04F79EFBC}") = "BT1.1", "BT1\BT1.1.csproj", "{9941AD22-32C7-4D53-A704-C31D96602F4E}"
EndProject
Project("{FAE04EC0-301F-11D3-BF4B-00C04F79EFBC}") = "BT1.2", "BT2\BT1.2.csproj", "{FD89646D-CDBE-4F9F-B07C-129BBD6C5D1D}"
EndProject
Project("{FAE04EC0-301F-11D3-BF4B-00C04F79EFBC}") = "BT1.3", "BT1.3\BT1.3.csproj", "{71377100-D1A8-4969-A7BB-145FFD11F36F}"
EndProject
Project("{FAE04EC0-301F-11D3-BF4B-00C04F79EFBC}") = "BT1.4", "BT1.4\BT1.4.csproj", "{935FF283-BF57-470A-BACB-900552F7022A}"
EndProject
Project("{FAE04EC0-301F-11D3-BF4B-00C04F79EFBC}") = "BT1.5", "BT1.5\BT1.5.csproj", "{B206940C-8562-4866-8AF4-6D59CA1201C1}"
EndProject
Project("{FAE04EC0-301F-11D3-BF4B-00C04F79EFBC}") = "BT1.6_classPhanSo", "BT1.6\BT1.6_classPhanSo.csproj", "{79B829FE-91B3-4E34-8F1E-5BA9DE4906A5}"
EndProject
Project("{FAE04EC0-301F-11D3-BF4B-00C04F79EFBC}") = "Class_ToaDo", "Class_ToaDo\Class_ToaDo.csproj", "{5A7D1AED-B0FB-4166-B17B-CBC6728D4DFA}"
EndProject
Project("{FAE04EC0-301F-11D3-BF4B-00C04F79EFBC}") = "SinhVien", "SinhVien\SinhVien.csproj", "{7C047DD5-2863-4DB0-A738-4A03A6FFD407}"
EndProject
Project("{FAE04EC0-301F-11D3-BF4B-00C04F79EFBC}") = "Book8_8", "Book8_8\Book8_8.csproj", "{239B76A8-462E-4909-91AA-C2D32B3E8C0C}"
EndProject
Project("{FAE04EC0-301F-11D3-BF4B-00C04F79EFBC}") = "KhachSan", "Hotel\KhachSan.csproj", "{C5E9B058-3E39-49D2-B2C2-95CFAEFCE412}"
EndProject
Global
	GlobalSection(SolutionConfigurationPlatforms) = preSolution
		Debug|Any CPU = Debug|Any CPU
		Release|Any CPU = Release|Any CPU
	EndGlobalSection
	GlobalSection(ProjectConfigurationPlatforms) = postSolution
		{BD90E971-9DFB-41C8-AC8C-94E2496F64A5}.Debug|Any CPU.ActiveCfg = Debug|Any CPU
		{BD90E971-9DFB-41C8-AC8C-94E2496F64A5}.Debug|Any CPU.Build.0 = Debug|Any CPU
		{BD90E971-9DFB-41C8-AC8C-94E2496F64A5}.Release|Any CPU.ActiveCfg = Release|Any CPU
		{BD90E971-9DFB-41C8-AC8C-94E2496F64A5}.Release|Any CPU.Build.0 = Release|Any CPU
		{1ADD1593-968F-4F8C-9699-EEAA65D507BB}.Debug|Any CPU.ActiveCfg = Debug|Any CPU
		{1ADD1593-968F-4F8C-9699-EEAA65D507BB}.Debug|Any CPU.Build.0 = Debug|Any CPU
		{1ADD1593-968F-4F8C-9699-EEAA65D507BB}.Release|Any CPU.ActiveCfg = Release|Any CPU
		{1ADD1593-968F-4F8C-9699-EEAA65D507BB}.Release|Any CPU.Build.0 = Release|Any CPU
		{9941AD22-32C7-4D53-A704-C31D96602F4E}.Debug|Any CPU.ActiveCfg = Debug|Any CPU
		{9941AD22-32C7-4D53-A704-C31D96602F4E}.Debug|Any CPU.Build.0 = Debug|Any CPU
		{9941AD22-32C7-4D53-A704-C31D96602F4E}.Release|Any CPU.ActiveCfg = Release|Any CPU
		{9941AD22-32C7-4D53-A704-C31D96602F4E}.Release|Any CPU.Build.0 = Release|Any CPU
		{FD89646D-CDBE-4F9F-B07C-129BBD6C5D1D}.Debug|Any CPU.ActiveCfg = Debug|Any CPU
		{FD89646D-CDBE-4F9F-B07C-129BBD6C5D1D}.Debug|Any CPU.Build.0 = Debug|Any CPU
		{FD89646D-CDBE-4F9F-B07C-129BBD6C5D1D}.Release|Any CPU.ActiveCfg = Release|Any CPU
		{FD89646D-CDBE-4F9F-B07C-129BBD6C5D1D}.Release|Any CPU.Build.0 = Release|Any CPU
		{71377100-D1A8-4969-A7BB-145FFD11F36F}.Debug|Any CPU.ActiveCfg = Debug|Any CPU
		{71377100-D1A8-4969-A7BB-145FFD11F36F}.Debug|Any CPU.Build.0 = Debug|Any CPU
		{71377100-D1A8-4969-A7BB-145FFD11F36F}.Release|Any CPU.ActiveCfg = Release|Any CPU
		{71377100-D1A8-4969-A7BB-145FFD11F36F}.Release|Any CPU.Build.0 = Release|Any CPU
		{935FF283-BF57-470A-BACB-900552F7022A}.Debug|Any CPU.ActiveCfg = Debug|Any CPU
		{935FF283-BF57-470A-BACB-900552F7022A}.Debug|Any CPU.Build.0 = Debug|Any CPU
		{935FF283-BF57-470A-BACB-900552F7022A}.Release|Any CPU.ActiveCfg = Release|Any CPU
		{935FF283-BF57-470A-BACB-900552F7022A}.Release|Any CPU.Build.0 = Release|Any CPU
		{B206940C-8562-4866-8AF4-6D59CA1201C1}.Debug|Any CPU.ActiveCfg = Debug|Any CPU
		{B206940C-8562-4866-8AF4-6D59CA1201C1}.Debug|Any CPU.Build.0 = Debug|Any CPU
		{B206940C-8562-4866-8AF4-6D59CA1201C1}.Release|Any CPU.ActiveCfg = Release|Any CPU
		{B206940C-8562-4866-8AF4-6D59CA1201C1}.Release|Any CPU.Build.0 = Release|Any CPU
		{79B829FE-91B3-4E34-8F1E-5BA9DE4906A5}.Debug|Any CPU.ActiveCfg = Debug|Any CPU
		{79B829FE-91B3-4E34-8F1E-5BA9DE4906A5}.Debug|Any CPU.Build.0 = Debug|Any CPU
		{79B829FE-91B3-4E34-8F1E-5BA9DE4906A5}.Release|Any CPU.ActiveCfg = Release|Any CPU
		{79B829FE-91B3-4E34-8F1E-5BA9DE4906A5}.Release|Any CPU.Build.0 = Release|Any CPU
		{5A7D1AED-B0FB-4166-B17B-CBC6728D4DFA}.Debug|Any CPU.ActiveCfg = Debug|Any CPU
		{5A7D1AED-B0FB-4166-B17B-CBC6728D4DFA}.Debug|Any CPU.Build.0 = Debug|Any CPU
		{5A7D1AED-B0FB-4166-B17B-CBC6728D4DFA}.Release|Any CPU.ActiveCfg = Release|Any CPU
		{5A7D1AED-B0FB-4166-B17B-CBC6728D4DFA}.Release|Any CPU.Build.0 = Release|Any CPU
		{7C047DD5-2863-4DB0-A738-4A03A6FFD407}.Debug|Any CPU.ActiveCfg = Debug|Any CPU
		{7C047DD5-2863-4DB0-A738-4A03A6FFD407}.Debug|Any CPU.Build.0 = Debug|Any CPU
		{7C047DD5-2863-4DB0-A738-4A03A6FFD407}.Release|Any CPU.ActiveCfg = Release|Any CPU
		{7C047DD5-2863-4DB0-A738-4A03A6FFD407}.Release|Any CPU.Build.0 = Release|Any CPU
		{239B76A8-462E-4909-91AA-C2D32B3E8C0C}.Debug|Any CPU.ActiveCfg = Debug|Any CPU
		{239B76A8-462E-4909-91AA-C2D32B3E8C0C}.Debug|Any CPU.Build.0 = Debug|Any CPU
		{239B76A8-462E-4909-91AA-C2D32B3E8C0C}.Release|Any CPU.ActiveCfg = Release|Any CPU
		{239B76A8-462E-4909-91AA-C2D32B3E8C0C}.Release|Any CPU.Build.0 = Release|Any CPU
		{C5E9B058-3E39-49D2-B2C2-95CFAEFCE412}.Debug|Any CPU.ActiveCfg = Debug|Any CPU
		{C5E9B058-3E39-49D2-B2C2-95CFAEFCE412}.Debug|Any CPU.Build.0 = Debug|Any CPU
		{C5E9B058-3E39-49D2-B2C2-95CFAEFCE412}.Release|Any CPU.ActiveCfg = Release|Any CPU
		{C5E9B058-3E39-49D2-B2C2-95CFAEFCE412}.Release|Any CPU.Build.0 = Release|Any CPU
	EndGlobalSection
	GlobalSection(SolutionProperties) = preSolution
		HideSolutionNode = FALSE
	EndGlobalSection
	GlobalSection(ExtensibilityGlobals) = postSolution
		SolutionGuid = {44C5B6DE-FE18-4BD3-AD90-F791E87A390C}
	EndGlobalSection
EndGlobal
